
Microsoft Visual Studio Solution File, Format Version 12.00
# Visual Studio 15
VisualStudioVersion = 15.0.27703.2000
MinimumVisualStudioVersion = 10.0.40219.1
Project("{9A19103F-16F7-4668-BE54-9A1E7A4F7556}") = "Druid", "Druid\Druid.csproj", "{823646AD-140F-43BC-B280-12AA21F1380E}"
EndProject
Project("{FAE04EC0-301F-11D3-BF4B-00C04F79EFBC}") = "Druid.Domain", "Druid.Domain\Druid.Domain.csproj", "{BD44D441-5038-4764-80FD-7972D57379F5}"
EndProject
Global
	GlobalSection(SolutionConfigurationPlatforms) = preSolution
		Debug|Any CPU = Debug|Any CPU
		Release|Any CPU = Release|Any CPU
	EndGlobalSection
	GlobalSection(ProjectConfigurationPlatforms) = postSolution
		{823646AD-140F-43BC-B280-12AA21F1380E}.Debug|Any CPU.ActiveCfg = Debug|Any CPU
		{823646AD-140F-43BC-B280-12AA21F1380E}.Debug|Any CPU.Build.0 = Debug|Any CPU
		{823646AD-140F-43BC-B280-12AA21F1380E}.Release|Any CPU.ActiveCfg = Release|Any CPU
		{823646AD-140F-43BC-B280-12AA21F1380E}.Release|Any CPU.Build.0 = Release|Any CPU
		{BD44D441-5038-4764-80FD-7972D57379F5}.Debug|Any CPU.ActiveCfg = Debug|Any CPU
		{BD44D441-5038-4764-80FD-7972D57379F5}.Debug|Any CPU.Build.0 = Debug|Any CPU
		{BD44D441-5038-4764-80FD-7972D57379F5}.Release|Any CPU.ActiveCfg = Release|Any CPU
		{BD44D441-5038-4764-80FD-7972D57379F5}.Release|Any CPU.Build.0 = Release|Any CPU
	EndGlobalSection
	GlobalSection(SolutionProperties) = preSolution
		HideSolutionNode = FALSE
	EndGlobalSection
	GlobalSection(ExtensibilityGlobals) = postSolution
		SolutionGuid = {3A082FE3-48AC-4CAB-93A8-021DE8D9E301}
	EndGlobalSection
EndGlobal
